
Microsoft Visual Studio Solution File, Format Version 12.00
# Visual Studio 2015
Project("{FAE04EC0-301F-11D3-BF4B-00C04F79EFBC}") = "Don-t-Be-Late.CSharp.Plugins", "Don-t-Be-Late.CSharp.Plugins.csproj", "{DE176CDF-EAFA-176F-1E62-AB54BF997147}"
EndProject
Project("{FAE04EC0-301F-11D3-BF4B-00C04F79EFBC}") = "Don-t-Be-Late.CSharp", "Don-t-Be-Late.CSharp.csproj", "{6FE9E347-2DB6-6424-FBF9-455910CB68DF}"
EndProject
Project("{FAE04EC0-301F-11D3-BF4B-00C04F79EFBC}") = "Don-t-Be-Late.CSharp.Editor", "Don-t-Be-Late.CSharp.Editor.csproj", "{663BF341-D3EF-A76F-C02C-94908B0A4D3D}"
EndProject
Global
	GlobalSection(SolutionConfigurationPlatforms) = preSolution
		Debug|Any CPU = Debug|Any CPU
		Release|Any CPU = Release|Any CPU
	EndGlobalSection
	GlobalSection(ProjectConfigurationPlatforms) = postSolution
		{DE176CDF-EAFA-176F-1E62-AB54BF997147}.Debug|Any CPU.ActiveCfg = Debug|Any CPU
		{DE176CDF-EAFA-176F-1E62-AB54BF997147}.Debug|Any CPU.Build.0 = Debug|Any CPU
		{DE176CDF-EAFA-176F-1E62-AB54BF997147}.Release|Any CPU.ActiveCfg = Release|Any CPU
		{DE176CDF-EAFA-176F-1E62-AB54BF997147}.Release|Any CPU.Build.0 = Release|Any CPU
		{6FE9E347-2DB6-6424-FBF9-455910CB68DF}.Debug|Any CPU.ActiveCfg = Debug|Any CPU
		{6FE9E347-2DB6-6424-FBF9-455910CB68DF}.Debug|Any CPU.Build.0 = Debug|Any CPU
		{6FE9E347-2DB6-6424-FBF9-455910CB68DF}.Release|Any CPU.ActiveCfg = Release|Any CPU
		{6FE9E347-2DB6-6424-FBF9-455910CB68DF}.Release|Any CPU.Build.0 = Release|Any CPU
		{663BF341-D3EF-A76F-C02C-94908B0A4D3D}.Debug|Any CPU.ActiveCfg = Debug|Any CPU
		{663BF341-D3EF-A76F-C02C-94908B0A4D3D}.Debug|Any CPU.Build.0 = Debug|Any CPU
		{663BF341-D3EF-A76F-C02C-94908B0A4D3D}.Release|Any CPU.ActiveCfg = Release|Any CPU
		{663BF341-D3EF-A76F-C02C-94908B0A4D3D}.Release|Any CPU.Build.0 = Release|Any CPU
	EndGlobalSection
	GlobalSection(SolutionProperties) = preSolution
		HideSolutionNode = FALSE
	EndGlobalSection
EndGlobal
